// !$*UTF8*$!
{
	archiveVersion = 1;
	classes = {
	};
	objectVersion = 50;
	objects = {

/* Begin PBXBuildFile section */
		CF026C5424C9930D00CC6BF2 /* SlackStatusAppApp.swift in Sources */ = {isa = PBXBuildFile; fileRef = CF026C5324C9930D00CC6BF2 /* SlackStatusAppApp.swift */; };
		CF026C5624C9930D00CC6BF2 /* ContentView.swift in Sources */ = {isa = PBXBuildFile; fileRef = CF026C5524C9930D00CC6BF2 /* ContentView.swift */; };
		CF026C5824C9930E00CC6BF2 /* Assets.xcassets in Resources */ = {isa = PBXBuildFile; fileRef = CF026C5724C9930E00CC6BF2 /* Assets.xcassets */; };
		CF026C5B24C9930E00CC6BF2 /* Preview Assets.xcassets in Resources */ = {isa = PBXBuildFile; fileRef = CF026C5A24C9930E00CC6BF2 /* Preview Assets.xcassets */; };
		CF026C6624C9930E00CC6BF2 /* SlackStatusAppTests.swift in Sources */ = {isa = PBXBuildFile; fileRef = CF026C6524C9930E00CC6BF2 /* SlackStatusAppTests.swift */; };
		CF026C7124C9930E00CC6BF2 /* SlackStatusAppUITests.swift in Sources */ = {isa = PBXBuildFile; fileRef = CF026C7024C9930E00CC6BF2 /* SlackStatusAppUITests.swift */; };
		CF026C7F24C9995100CC6BF2 /* SlackManager.swift in Sources */ = {isa = PBXBuildFile; fileRef = CF026C7E24C9995100CC6BF2 /* SlackManager.swift */; };
/* End PBXBuildFile section */

/* Begin PBXContainerItemProxy section */
		CF026C6224C9930E00CC6BF2 /* PBXContainerItemProxy */ = {
			isa = PBXContainerItemProxy;
			containerPortal = CF026C4824C9930D00CC6BF2 /* Project object */;
			proxyType = 1;
			remoteGlobalIDString = CF026C4F24C9930D00CC6BF2;
			remoteInfo = SlackStatusApp;
		};
		CF026C6D24C9930E00CC6BF2 /* PBXContainerItemProxy */ = {
			isa = PBXContainerItemProxy;
			containerPortal = CF026C4824C9930D00CC6BF2 /* Project object */;
			proxyType = 1;
			remoteGlobalIDString = CF026C4F24C9930D00CC6BF2;
			remoteInfo = SlackStatusApp;
		};
/* End PBXContainerItemProxy section */

/* Begin PBXFileReference section */
		CF026C5024C9930D00CC6BF2 /* SlackStatusApp.app */ = {isa = PBXFileReference; explicitFileType = wrapper.application; includeInIndex = 0; path = SlackStatusApp.app; sourceTree = BUILT_PRODUCTS_DIR; };
		CF026C5324C9930D00CC6BF2 /* SlackStatusAppApp.swift */ = {isa = PBXFileReference; lastKnownFileType = sourcecode.swift; path = SlackStatusAppApp.swift; sourceTree = "<group>"; };
		CF026C5524C9930D00CC6BF2 /* ContentView.swift */ = {isa = PBXFileReference; lastKnownFileType = sourcecode.swift; path = ContentView.swift; sourceTree = "<group>"; };
		CF026C5724C9930E00CC6BF2 /* Assets.xcassets */ = {isa = PBXFileReference; lastKnownFileType = folder.assetcatalog; path = Assets.xcassets; sourceTree = "<group>"; };
		CF026C5A24C9930E00CC6BF2 /* Preview Assets.xcassets */ = {isa = PBXFileReference; lastKnownFileType = folder.assetcatalog; path = "Preview Assets.xcassets"; sourceTree = "<group>"; };
		CF026C5C24C9930E00CC6BF2 /* Info.plist */ = {isa = PBXFileReference; lastKnownFileType = text.plist.xml; path = Info.plist; sourceTree = "<group>"; };
		CF026C6124C9930E00CC6BF2 /* SlackStatusAppTests.xctest */ = {isa = PBXFileReference; explicitFileType = wrapper.cfbundle; includeInIndex = 0; path = SlackStatusAppTests.xctest; sourceTree = BUILT_PRODUCTS_DIR; };
		CF026C6524C9930E00CC6BF2 /* SlackStatusAppTests.swift */ = {isa = PBXFileReference; lastKnownFileType = sourcecode.swift; path = SlackStatusAppTests.swift; sourceTree = "<group>"; };
		CF026C6724C9930E00CC6BF2 /* Info.plist */ = {isa = PBXFileReference; lastKnownFileType = text.plist.xml; path = Info.plist; sourceTree = "<group>"; };
		CF026C6C24C9930E00CC6BF2 /* SlackStatusAppUITests.xctest */ = {isa = PBXFileReference; explicitFileType = wrapper.cfbundle; includeInIndex = 0; path = SlackStatusAppUITests.xctest; sourceTree = BUILT_PRODUCTS_DIR; };
		CF026C7024C9930E00CC6BF2 /* SlackStatusAppUITests.swift */ = {isa = PBXFileReference; lastKnownFileType = sourcecode.swift; path = SlackStatusAppUITests.swift; sourceTree = "<group>"; };
		CF026C7224C9930E00CC6BF2 /* Info.plist */ = {isa = PBXFileReference; lastKnownFileType = text.plist.xml; path = Info.plist; sourceTree = "<group>"; };
		CF026C7E24C9995100CC6BF2 /* SlackManager.swift */ = {isa = PBXFileReference; lastKnownFileType = sourcecode.swift; path = SlackManager.swift; sourceTree = "<group>"; };
/* End PBXFileReference section */

/* Begin PBXFrameworksBuildPhase section */
		CF026C4D24C9930D00CC6BF2 /* Frameworks */ = {
			isa = PBXFrameworksBuildPhase;
			buildActionMask = 2147483647;
			files = (
			);
			runOnlyForDeploymentPostprocessing = 0;
		};
		CF026C5E24C9930E00CC6BF2 /* Frameworks */ = {
			isa = PBXFrameworksBuildPhase;
			buildActionMask = 2147483647;
			files = (
			);
			runOnlyForDeploymentPostprocessing = 0;
		};
		CF026C6924C9930E00CC6BF2 /* Frameworks */ = {
			isa = PBXFrameworksBuildPhase;
			buildActionMask = 2147483647;
			files = (
			);
			runOnlyForDeploymentPostprocessing = 0;
		};
/* End PBXFrameworksBuildPhase section */

/* Begin PBXGroup section */
		CF026C4724C9930D00CC6BF2 = {
			isa = PBXGroup;
			children = (
				CF026C5224C9930D00CC6BF2 /* SlackStatusApp */,
				CF026C6424C9930E00CC6BF2 /* SlackStatusAppTests */,
				CF026C6F24C9930E00CC6BF2 /* SlackStatusAppUITests */,
				CF026C5124C9930D00CC6BF2 /* Products */,
			);
			sourceTree = "<group>";
		};
		CF026C5124C9930D00CC6BF2 /* Products */ = {
			isa = PBXGroup;
			children = (
				CF026C5024C9930D00CC6BF2 /* SlackStatusApp.app */,
				CF026C6124C9930E00CC6BF2 /* SlackStatusAppTests.xctest */,
				CF026C6C24C9930E00CC6BF2 /* SlackStatusAppUITests.xctest */,
			);
			name = Products;
			sourceTree = "<group>";
		};
		CF026C5224C9930D00CC6BF2 /* SlackStatusApp */ = {
			isa = PBXGroup;
			children = (
				CF026C5324C9930D00CC6BF2 /* SlackStatusAppApp.swift */,
				CF026C7E24C9995100CC6BF2 /* SlackManager.swift */,
				CF026C5524C9930D00CC6BF2 /* ContentView.swift */,
				CF026C5724C9930E00CC6BF2 /* Assets.xcassets */,
				CF026C5C24C9930E00CC6BF2 /* Info.plist */,
				CF026C5924C9930E00CC6BF2 /* Preview Content */,
			);
			path = SlackStatusApp;
			sourceTree = "<group>";
		};
		CF026C5924C9930E00CC6BF2 /* Preview Content */ = {
			isa = PBXGroup;
			children = (
				CF026C5A24C9930E00CC6BF2 /* Preview Assets.xcassets */,
			);
			path = "Preview Content";
			sourceTree = "<group>";
		};
		CF026C6424C9930E00CC6BF2 /* SlackStatusAppTests */ = {
			isa = PBXGroup;
			children = (
				CF026C6524C9930E00CC6BF2 /* SlackStatusAppTests.swift */,
				CF026C6724C9930E00CC6BF2 /* Info.plist */,
			);
			path = SlackStatusAppTests;
			sourceTree = "<group>";
		};
		CF026C6F24C9930E00CC6BF2 /* SlackStatusAppUITests */ = {
			isa = PBXGroup;
			children = (
				CF026C7024C9930E00CC6BF2 /* SlackStatusAppUITests.swift */,
				CF026C7224C9930E00CC6BF2 /* Info.plist */,
			);
			path = SlackStatusAppUITests;
			sourceTree = "<group>";
		};
/* End PBXGroup section */

/* Begin PBXNativeTarget section */
		CF026C4F24C9930D00CC6BF2 /* SlackStatusApp */ = {
			isa = PBXNativeTarget;
			buildConfigurationList = CF026C7524C9930E00CC6BF2 /* Build configuration list for PBXNativeTarget "SlackStatusApp" */;
			buildPhases = (
				CF026C4C24C9930D00CC6BF2 /* Sources */,
				CF026C4D24C9930D00CC6BF2 /* Frameworks */,
				CF026C4E24C9930D00CC6BF2 /* Resources */,
			);
			buildRules = (
			);
			dependencies = (
			);
			name = SlackStatusApp;
			productName = SlackStatusApp;
			productReference = CF026C5024C9930D00CC6BF2 /* SlackStatusApp.app */;
			productType = "com.apple.product-type.application";
		};
		CF026C6024C9930E00CC6BF2 /* SlackStatusAppTests */ = {
			isa = PBXNativeTarget;
			buildConfigurationList = CF026C7824C9930E00CC6BF2 /* Build configuration list for PBXNativeTarget "SlackStatusAppTests" */;
			buildPhases = (
				CF026C5D24C9930E00CC6BF2 /* Sources */,
				CF026C5E24C9930E00CC6BF2 /* Frameworks */,
				CF026C5F24C9930E00CC6BF2 /* Resources */,
			);
			buildRules = (
			);
			dependencies = (
				CF026C6324C9930E00CC6BF2 /* PBXTargetDependency */,
			);
			name = SlackStatusAppTests;
			productName = SlackStatusAppTests;
			productReference = CF026C6124C9930E00CC6BF2 /* SlackStatusAppTests.xctest */;
			productType = "com.apple.product-type.bundle.unit-test";
		};
		CF026C6B24C9930E00CC6BF2 /* SlackStatusAppUITests */ = {
			isa = PBXNativeTarget;
			buildConfigurationList = CF026C7B24C9930E00CC6BF2 /* Build configuration list for PBXNativeTarget "SlackStatusAppUITests" */;
			buildPhases = (
				CF026C6824C9930E00CC6BF2 /* Sources */,
				CF026C6924C9930E00CC6BF2 /* Frameworks */,
				CF026C6A24C9930E00CC6BF2 /* Resources */,
			);
			buildRules = (
			);
			dependencies = (
				CF026C6E24C9930E00CC6BF2 /* PBXTargetDependency */,
			);
			name = SlackStatusAppUITests;
			productName = SlackStatusAppUITests;
			productReference = CF026C6C24C9930E00CC6BF2 /* SlackStatusAppUITests.xctest */;
			productType = "com.apple.product-type.bundle.ui-testing";
		};
/* End PBXNativeTarget section */

/* Begin PBXProject section */
		CF026C4824C9930D00CC6BF2 /* Project object */ = {
			isa = PBXProject;
			attributes = {
				LastSwiftUpdateCheck = 1200;
				LastUpgradeCheck = 1200;
				TargetAttributes = {
					CF026C4F24C9930D00CC6BF2 = {
						CreatedOnToolsVersion = 12.0;
					};
					CF026C6024C9930E00CC6BF2 = {
						CreatedOnToolsVersion = 12.0;
						TestTargetID = CF026C4F24C9930D00CC6BF2;
					};
					CF026C6B24C9930E00CC6BF2 = {
						CreatedOnToolsVersion = 12.0;
						TestTargetID = CF026C4F24C9930D00CC6BF2;
					};
				};
			};
			buildConfigurationList = CF026C4B24C9930D00CC6BF2 /* Build configuration list for PBXProject "SlackStatusApp" */;
			compatibilityVersion = "Xcode 9.3";
			developmentRegion = en;
			hasScannedForEncodings = 0;
			knownRegions = (
				en,
				Base,
			);
			mainGroup = CF026C4724C9930D00CC6BF2;
			productRefGroup = CF026C5124C9930D00CC6BF2 /* Products */;
			projectDirPath = "";
			projectRoot = "";
			targets = (
				CF026C4F24C9930D00CC6BF2 /* SlackStatusApp */,
				CF026C6024C9930E00CC6BF2 /* SlackStatusAppTests */,
				CF026C6B24C9930E00CC6BF2 /* SlackStatusAppUITests */,
			);
		};
/* End PBXProject section */

/* Begin PBXResourcesBuildPhase section */
		CF026C4E24C9930D00CC6BF2 /* Resources */ = {
			isa = PBXResourcesBuildPhase;
			buildActionMask = 2147483647;
			files = (
				CF026C5B24C9930E00CC6BF2 /* Preview Assets.xcassets in Resources */,
				CF026C5824C9930E00CC6BF2 /* Assets.xcassets in Resources */,
			);
			runOnlyForDeploymentPostprocessing = 0;
		};
		CF026C5F24C9930E00CC6BF2 /* Resources */ = {
			isa = PBXResourcesBuildPhase;
			buildActionMask = 2147483647;
			files = (
			);
			runOnlyForDeploymentPostprocessing = 0;
		};
		CF026C6A24C9930E00CC6BF2 /* Resources */ = {
			isa = PBXResourcesBuildPhase;
			buildActionMask = 2147483647;
			files = (
			);
			runOnlyForDeploymentPostprocessing = 0;
		};
/* End PBXResourcesBuildPhase section */

/* Begin PBXSourcesBuildPhase section */
		CF026C4C24C9930D00CC6BF2 /* Sources */ = {
			isa = PBXSourcesBuildPhase;
			buildActionMask = 2147483647;
			files = (
				CF026C5624C9930D00CC6BF2 /* ContentView.swift in Sources */,
				CF026C5424C9930D00CC6BF2 /* SlackStatusAppApp.swift in Sources */,
				CF026C7F24C9995100CC6BF2 /* SlackManager.swift in Sources */,
			);
			runOnlyForDeploymentPostprocessing = 0;
		};
		CF026C5D24C9930E00CC6BF2 /* Sources */ = {
			isa = PBXSourcesBuildPhase;
			buildActionMask = 2147483647;
			files = (
				CF026C6624C9930E00CC6BF2 /* SlackStatusAppTests.swift in Sources */,
			);
			runOnlyForDeploymentPostprocessing = 0;
		};
		CF026C6824C9930E00CC6BF2 /* Sources */ = {
			isa = PBXSourcesBuildPhase;
			buildActionMask = 2147483647;
			files = (
				CF026C7124C9930E00CC6BF2 /* SlackStatusAppUITests.swift in Sources */,
			);
			runOnlyForDeploymentPostprocessing = 0;
		};
/* End PBXSourcesBuildPhase section */

/* Begin PBXTargetDependency section */
		CF026C6324C9930E00CC6BF2 /* PBXTargetDependency */ = {
			isa = PBXTargetDependency;
			target = CF026C4F24C9930D00CC6BF2 /* SlackStatusApp */;
			targetProxy = CF026C6224C9930E00CC6BF2 /* PBXContainerItemProxy */;
		};
		CF026C6E24C9930E00CC6BF2 /* PBXTargetDependency */ = {
			isa = PBXTargetDependency;
			target = CF026C4F24C9930D00CC6BF2 /* SlackStatusApp */;
			targetProxy = CF026C6D24C9930E00CC6BF2 /* PBXContainerItemProxy */;
		};
/* End PBXTargetDependency section */

/* Begin XCBuildConfiguration section */
		CF026C7324C9930E00CC6BF2 /* Debug */ = {
			isa = XCBuildConfiguration;
			buildSettings = {
				ALWAYS_SEARCH_USER_PATHS = NO;
				CLANG_ANALYZER_NONNULL = YES;
				CLANG_ANALYZER_NUMBER_OBJECT_CONVERSION = YES_AGGRESSIVE;
				CLANG_CXX_LANGUAGE_STANDARD = "gnu++14";
				CLANG_CXX_LIBRARY = "libc++";
				CLANG_ENABLE_MODULES = YES;
				CLANG_ENABLE_OBJC_ARC = YES;
				CLANG_ENABLE_OBJC_WEAK = YES;
				CLANG_WARN_BLOCK_CAPTURE_AUTORELEASING = YES;
				CLANG_WARN_BOOL_CONVERSION = YES;
				CLANG_WARN_COMMA = YES;
				CLANG_WARN_CONSTANT_CONVERSION = YES;
				CLANG_WARN_DEPRECATED_OBJC_IMPLEMENTATIONS = YES;
				CLANG_WARN_DIRECT_OBJC_ISA_USAGE = YES_ERROR;
				CLANG_WARN_DOCUMENTATION_COMMENTS = YES;
				CLANG_WARN_EMPTY_BODY = YES;
				CLANG_WARN_ENUM_CONVERSION = YES;
				CLANG_WARN_INFINITE_RECURSION = YES;
				CLANG_WARN_INT_CONVERSION = YES;
				CLANG_WARN_NON_LITERAL_NULL_CONVERSION = YES;
				CLANG_WARN_OBJC_IMPLICIT_RETAIN_SELF = YES;
				CLANG_WARN_OBJC_LITERAL_CONVERSION = YES;
				CLANG_WARN_OBJC_ROOT_CLASS = YES_ERROR;
				CLANG_WARN_QUOTED_INCLUDE_IN_FRAMEWORK_HEADER = YES;
				CLANG_WARN_RANGE_LOOP_ANALYSIS = YES;
				CLANG_WARN_STRICT_PROTOTYPES = YES;
				CLANG_WARN_SUSPICIOUS_MOVE = YES;
				CLANG_WARN_UNGUARDED_AVAILABILITY = YES_AGGRESSIVE;
				CLANG_WARN_UNREACHABLE_CODE = YES;
				CLANG_WARN__DUPLICATE_METHOD_MATCH = YES;
				COPY_PHASE_STRIP = NO;
				DEBUG_INFORMATION_FORMAT = dwarf;
				ENABLE_STRICT_OBJC_MSGSEND = YES;
				ENABLE_TESTABILITY = YES;
				GCC_C_LANGUAGE_STANDARD = gnu11;
				GCC_DYNAMIC_NO_PIC = NO;
				GCC_NO_COMMON_BLOCKS = YES;
				GCC_OPTIMIZATION_LEVEL = 0;
				GCC_PREPROCESSOR_DEFINITIONS = (
					"DEBUG=1",
					"$(inherited)",
				);
				GCC_WARN_64_TO_32_BIT_CONVERSION = YES;
				GCC_WARN_ABOUT_RETURN_TYPE = YES_ERROR;
				GCC_WARN_UNDECLARED_SELECTOR = YES;
				GCC_WARN_UNINITIALIZED_AUTOS = YES_AGGRESSIVE;
				GCC_WARN_UNUSED_FUNCTION = YES;
				GCC_WARN_UNUSED_VARIABLE = YES;
				IPHONEOS_DEPLOYMENT_TARGET = 14.0;
				MTL_ENABLE_DEBUG_INFO = INCLUDE_SOURCE;
				MTL_FAST_MATH = YES;
				ONLY_ACTIVE_ARCH = YES;
				SDKROOT = iphoneos;
				SWIFT_ACTIVE_COMPILATION_CONDITIONS = DEBUG;
				SWIFT_OPTIMIZATION_LEVEL = "-Onone";
			};
			name = Debug;
		};
		CF026C7424C9930E00CC6BF2 /* Release */ = {
			isa = XCBuildConfiguration;
			buildSettings = {
				ALWAYS_SEARCH_USER_PATHS = NO;
				CLANG_ANALYZER_NONNULL = YES;
				CLANG_ANALYZER_NUMBER_OBJECT_CONVERSION = YES_AGGRESSIVE;
				CLANG_CXX_LANGUAGE_STANDARD = "gnu++14";
				CLANG_CXX_LIBRARY = "libc++";
				CLANG_ENABLE_MODULES = YES;
				CLANG_ENABLE_OBJC_ARC = YES;
				CLANG_ENABLE_OBJC_WEAK = YES;
				CLANG_WARN_BLOCK_CAPTURE_AUTORELEASING = YES;
				CLANG_WARN_BOOL_CONVERSION = YES;
				CLANG_WARN_COMMA = YES;
				CLANG_WARN_CONSTANT_CONVERSION = YES;
				CLANG_WARN_DEPRECATED_OBJC_IMPLEMENTATIONS = YES;
				CLANG_WARN_DIRECT_OBJC_ISA_USAGE = YES_ERROR;
				CLANG_WARN_DOCUMENTATION_COMMENTS = YES;
				CLANG_WARN_EMPTY_BODY = YES;
				CLANG_WARN_ENUM_CONVERSION = YES;
				CLANG_WARN_INFINITE_RECURSION = YES;
				CLANG_WARN_INT_CONVERSION = YES;
				CLANG_WARN_NON_LITERAL_NULL_CONVERSION = YES;
				CLANG_WARN_OBJC_IMPLICIT_RETAIN_SELF = YES;
				CLANG_WARN_OBJC_LITERAL_CONVERSION = YES;
				CLANG_WARN_OBJC_ROOT_CLASS = YES_ERROR;
				CLANG_WARN_QUOTED_INCLUDE_IN_FRAMEWORK_HEADER = YES;
				CLANG_WARN_RANGE_LOOP_ANALYSIS = YES;
				CLANG_WARN_STRICT_PROTOTYPES = YES;
				CLANG_WARN_SUSPICIOUS_MOVE = YES;
				CLANG_WARN_UNGUARDED_AVAILABILITY = YES_AGGRESSIVE;
				CLANG_WARN_UNREACHABLE_CODE = YES;
				CLANG_WARN__DUPLICATE_METHOD_MATCH = YES;
				COPY_PHASE_STRIP = NO;
				DEBUG_INFORMATION_FORMAT = "dwarf-with-dsym";
				ENABLE_NS_ASSERTIONS = NO;
				ENABLE_STRICT_OBJC_MSGSEND = YES;
				GCC_C_LANGUAGE_STANDARD = gnu11;
				GCC_NO_COMMON_BLOCKS = YES;
				GCC_WARN_64_TO_32_BIT_CONVERSION = YES;
				GCC_WARN_ABOUT_RETURN_TYPE = YES_ERROR;
				GCC_WARN_UNDECLARED_SELECTOR = YES;
				GCC_WARN_UNINITIALIZED_AUTOS = YES_AGGRESSIVE;
				GCC_WARN_UNUSED_FUNCTION = YES;
				GCC_WARN_UNUSED_VARIABLE = YES;
				IPHONEOS_DEPLOYMENT_TARGET = 14.0;
				MTL_ENABLE_DEBUG_INFO = NO;
				MTL_FAST_MATH = YES;
				SDKROOT = iphoneos;
				SWIFT_COMPILATION_MODE = wholemodule;
				SWIFT_OPTIMIZATION_LEVEL = "-O";
				VALIDATE_PRODUCT = YES;
			};
			name = Release;
		};
		CF026C7624C9930E00CC6BF2 /* Debug */ = {
			isa = XCBuildConfiguration;
			buildSettings = {
				ASSETCATALOG_COMPILER_APPICON_NAME = AppIcon;
				ASSETCATALOG_COMPILER_GLOBAL_ACCENT_COLOR_NAME = AccentColor;
				CODE_SIGN_STYLE = Automatic;
				DEVELOPMENT_ASSET_PATHS = "\"SlackStatusApp/Preview Content\"";
				DEVELOPMENT_TEAM = DQ6L6A5H88;
				ENABLE_PREVIEWS = YES;
				INFOPLIST_FILE = SlackStatusApp/Info.plist;
				IPHONEOS_DEPLOYMENT_TARGET = 14.0;
				LD_RUNPATH_SEARCH_PATHS = (
					"$(inherited)",
					"@executable_path/Frameworks",
				);
				PRODUCT_BUNDLE_IDENTIFIER = ChikatoTakenouchi.SlackStatusApp;
				PRODUCT_NAME = "$(TARGET_NAME)";
				SWIFT_VERSION = 5.0;
				TARGETED_DEVICE_FAMILY = "1,2";
			};
			name = Debug;
		};
		CF026C7724C9930E00CC6BF2 /* Release */ = {
			isa = XCBuildConfiguration;
			buildSettings = {
				ASSETCATALOG_COMPILER_APPICON_NAME = AppIcon;
				ASSETCATALOG_COMPILER_GLOBAL_ACCENT_COLOR_NAME = AccentColor;
				CODE_SIGN_STYLE = Automatic;
				DEVELOPMENT_ASSET_PATHS = "\"SlackStatusApp/Preview Content\"";
				DEVELOPMENT_TEAM = DQ6L6A5H88;
				ENABLE_PREVIEWS = YES;
				INFOPLIST_FILE = SlackStatusApp/Info.plist;
				IPHONEOS_DEPLOYMENT_TARGET = 14.0;
				LD_RUNPATH_SEARCH_PATHS = (
					"$(inherited)",
					"@executable_path/Frameworks",
				);
				PRODUCT_BUNDLE_IDENTIFIER = ChikatoTakenouchi.SlackStatusApp;
				PRODUCT_NAME = "$(TARGET_NAME)";
				SWIFT_VERSION = 5.0;
				TARGETED_DEVICE_FAMILY = "1,2";
			};
			name = Release;
		};
		CF026C7924C9930E00CC6BF2 /* Debug */ = {
			isa = XCBuildConfiguration;
			buildSettings = {
				ALWAYS_EMBED_SWIFT_STANDARD_LIBRARIES = YES;
				BUNDLE_LOADER = "$(TEST_HOST)";
				CODE_SIGN_STYLE = Automatic;
				DEVELOPMENT_TEAM = DQ6L6A5H88;
				INFOPLIST_FILE = SlackStatusAppTests/Info.plist;
				IPHONEOS_DEPLOYMENT_TARGET = 14.0;
				LD_RUNPATH_SEARCH_PATHS = (
					"$(inherited)",
					"@executable_path/Frameworks",
					"@loader_path/Frameworks",
				);
				PRODUCT_BUNDLE_IDENTIFIER = ChikatoTakenouchi.SlackStatusAppTests;
				PRODUCT_NAME = "$(TARGET_NAME)";
				SWIFT_VERSION = 5.0;
				TARGETED_DEVICE_FAMILY = "1,2";
				TEST_HOST = "$(BUILT_PRODUCTS_DIR)/SlackStatusApp.app/SlackStatusApp";
			};
			name = Debug;
		};
		CF026C7A24C9930E00CC6BF2 /* Release */ = {
			isa = XCBuildConfiguration;
			buildSettings = {
				ALWAYS_EMBED_SWIFT_STANDARD_LIBRARIES = YES;
				BUNDLE_LOADER = "$(TEST_HOST)";
				CODE_SIGN_STYLE = Automatic;
				DEVELOPMENT_TEAM = DQ6L6A5H88;
				INFOPLIST_FILE = SlackStatusAppTests/Info.plist;
				IPHONEOS_DEPLOYMENT_TARGET = 14.0;
				LD_RUNPATH_SEARCH_PATHS = (
					"$(inherited)",
					"@executable_path/Frameworks",
					"@loader_path/Frameworks",
				);
				PRODUCT_BUNDLE_IDENTIFIER = ChikatoTakenouchi.SlackStatusAppTests;
				PRODUCT_NAME = "$(TARGET_NAME)";
				SWIFT_VERSION = 5.0;
				TARGETED_DEVICE_FAMILY = "1,2";
				TEST_HOST = "$(BUILT_PRODUCTS_DIR)/SlackStatusApp.app/SlackStatusApp";
			};
			name = Release;
		};
		CF026C7C24C9930E00CC6BF2 /* Debug */ = {
			isa = XCBuildConfiguration;
			buildSettings = {
				ALWAYS_EMBED_SWIFT_STANDARD_LIBRARIES = YES;
				CODE_SIGN_STYLE = Automatic;
				DEVELOPMENT_TEAM = DQ6L6A5H88;
				INFOPLIST_FILE = SlackStatusAppUITests/Info.plist;
				LD_RUNPATH_SEARCH_PATHS = (
					"$(inherited)",
					"@executable_path/Frameworks",
					"@loader_path/Frameworks",
				);
				PRODUCT_BUNDLE_IDENTIFIER = ChikatoTakenouchi.SlackStatusAppUITests;
				PRODUCT_NAME = "$(TARGET_NAME)";
				SWIFT_VERSION = 5.0;
				TARGETED_DEVICE_FAMILY = "1,2";
				TEST_TARGET_NAME = SlackStatusApp;
			};
			name = Debug;
		};
		CF026C7D24C9930E00CC6BF2 /* Release */ = {
			isa = XCBuildConfiguration;
			buildSettings = {
				ALWAYS_EMBED_SWIFT_STANDARD_LIBRARIES = YES;
				CODE_SIGN_STYLE = Automatic;
				DEVELOPMENT_TEAM = DQ6L6A5H88;
				INFOPLIST_FILE = SlackStatusAppUITests/Info.plist;
				LD_RUNPATH_SEARCH_PATHS = (
					"$(inherited)",
					"@executable_path/Frameworks",
					"@loader_path/Frameworks",
				);
				PRODUCT_BUNDLE_IDENTIFIER = ChikatoTakenouchi.SlackStatusAppUITests;
				PRODUCT_NAME = "$(TARGET_NAME)";
				SWIFT_VERSION = 5.0;
				TARGETED_DEVICE_FAMILY = "1,2";
				TEST_TARGET_NAME = SlackStatusApp;
			};
			name = Release;
		};
/* End XCBuildConfiguration section */

/* Begin XCConfigurationList section */
		CF026C4B24C9930D00CC6BF2 /* Build configuration list for PBXProject "SlackStatusApp" */ = {
			isa = XCConfigurationList;
			buildConfigurations = (
				CF026C7324C9930E00CC6BF2 /* Debug */,
				CF026C7424C9930E00CC6BF2 /* Release */,
			);
			defaultConfigurationIsVisible = 0;
			defaultConfigurationName = Release;
		};
		CF026C7524C9930E00CC6BF2 /* Build configuration list for PBXNativeTarget "SlackStatusApp" */ = {
			isa = XCConfigurationList;
			buildConfigurations = (
				CF026C7624C9930E00CC6BF2 /* Debug */,
				CF026C7724C9930E00CC6BF2 /* Release */,
			);
			defaultConfigurationIsVisible = 0;
			defaultConfigurationName = Release;
		};
		CF026C7824C9930E00CC6BF2 /* Build configuration list for PBXNativeTarget "SlackStatusAppTests" */ = {
			isa = XCConfigurationList;
			buildConfigurations = (
				CF026C7924C9930E00CC6BF2 /* Debug */,
				CF026C7A24C9930E00CC6BF2 /* Release */,
			);
			defaultConfigurationIsVisible = 0;
			defaultConfigurationName = Release;
		};
		CF026C7B24C9930E00CC6BF2 /* Build configuration list for PBXNativeTarget "SlackStatusAppUITests" */ = {
			isa = XCConfigurationList;
			buildConfigurations = (
				CF026C7C24C9930E00CC6BF2 /* Debug */,
				CF026C7D24C9930E00CC6BF2 /* Release */,
			);
			defaultConfigurationIsVisible = 0;
			defaultConfigurationName = Release;
		};
/* End XCConfigurationList section */
	};
	rootObject = CF026C4824C9930D00CC6BF2 /* Project object */;
}
