// !$*UTF8*$!
{
	archiveVersion = 1;
	classes = {
	};
	objectVersion = 51;
	objects = {

/* Begin PBXBuildFile section */
		0DF0BECF67BDFD3BF6FB7F33 /* Pods_SlackStatusApp_SlackStatusAppUITests.framework in Frameworks */ = {isa = PBXBuildFile; fileRef = D7DF1D4F726A81560C7E3923 /* Pods_SlackStatusApp_SlackStatusAppUITests.framework */; };
		0F261269BFC09C0660383C7B /* Pods_SlackStatusAppTests.framework in Frameworks */ = {isa = PBXBuildFile; fileRef = 532A76749C1AE11B60B41A1E /* Pods_SlackStatusAppTests.framework */; };
		13510A2DD4DB12D03C9AC9A3 /* Pods_SlackStatusApp.framework in Frameworks */ = {isa = PBXBuildFile; fileRef = 704AC622795569EC782FE505 /* Pods_SlackStatusApp.framework */; };
		CF026C5424C9930D00CC6BF2 /* SlackStatusAppApp.swift in Sources */ = {isa = PBXBuildFile; fileRef = CF026C5324C9930D00CC6BF2 /* SlackStatusAppApp.swift */; };
		CF026C5624C9930D00CC6BF2 /* ContentCell.swift in Sources */ = {isa = PBXBuildFile; fileRef = CF026C5524C9930D00CC6BF2 /* ContentCell.swift */; };
		CF026C5824C9930E00CC6BF2 /* Assets.xcassets in Resources */ = {isa = PBXBuildFile; fileRef = CF026C5724C9930E00CC6BF2 /* Assets.xcassets */; };
		CF026C5B24C9930E00CC6BF2 /* Preview Assets.xcassets in Resources */ = {isa = PBXBuildFile; fileRef = CF026C5A24C9930E00CC6BF2 /* Preview Assets.xcassets */; };
		CF026C6624C9930E00CC6BF2 /* SlackStatusAppTests.swift in Sources */ = {isa = PBXBuildFile; fileRef = CF026C6524C9930E00CC6BF2 /* SlackStatusAppTests.swift */; };
		CF026C7124C9930E00CC6BF2 /* SlackStatusAppUITests.swift in Sources */ = {isa = PBXBuildFile; fileRef = CF026C7024C9930E00CC6BF2 /* SlackStatusAppUITests.swift */; };
		CF026C7F24C9995100CC6BF2 /* SlackManager.swift in Sources */ = {isa = PBXBuildFile; fileRef = CF026C7E24C9995100CC6BF2 /* SlackManager.swift */; };
		CF026C8124C9C2EF00CC6BF2 /* TopListView.swift in Sources */ = {isa = PBXBuildFile; fileRef = CF026C8024C9C2EF00CC6BF2 /* TopListView.swift */; };
		CF026C8424CA668E00CC6BF2 /* SlackStatus.swift in Sources */ = {isa = PBXBuildFile; fileRef = CF026C8324CA668E00CC6BF2 /* SlackStatus.swift */; };
		CF026C8624CA6FC400CC6BF2 /* EmojiContent.swift in Sources */ = {isa = PBXBuildFile; fileRef = CF026C8524CA6FC400CC6BF2 /* EmojiContent.swift */; };
		CF236C2224CAD64600077641 /* NukeImage.swift in Sources */ = {isa = PBXBuildFile; fileRef = CF236C2124CAD64600077641 /* NukeImage.swift */; };
		CF25F52024CAD899009E4149 /* NukeImageView.swift in Sources */ = {isa = PBXBuildFile; fileRef = CF25F51F24CAD899009E4149 /* NukeImageView.swift */; };
		CF5E9D3B24CBB59800D96735 /* SlackStatusView.swift in Sources */ = {isa = PBXBuildFile; fileRef = CF5E9D3A24CBB59800D96735 /* SlackStatusView.swift */; };
		CF5E9D3D24CC2FCC00D96735 /* EmojiDetail.swift in Sources */ = {isa = PBXBuildFile; fileRef = CF5E9D3C24CC2FCC00D96735 /* EmojiDetail.swift */; };
/* End PBXBuildFile section */

/* Begin PBXContainerItemProxy section */
		CF026C6224C9930E00CC6BF2 /* PBXContainerItemProxy */ = {
			isa = PBXContainerItemProxy;
			containerPortal = CF026C4824C9930D00CC6BF2 /* Project object */;
			proxyType = 1;
			remoteGlobalIDString = CF026C4F24C9930D00CC6BF2;
			remoteInfo = SlackStatusApp;
		};
		CF026C6D24C9930E00CC6BF2 /* PBXContainerItemProxy */ = {
			isa = PBXContainerItemProxy;
			containerPortal = CF026C4824C9930D00CC6BF2 /* Project object */;
			proxyType = 1;
			remoteGlobalIDString = CF026C4F24C9930D00CC6BF2;
			remoteInfo = SlackStatusApp;
		};
/* End PBXContainerItemProxy section */

/* Begin PBXFileReference section */
		4730BF5066C3BEDE12B1EC66 /* Pods-SlackStatusApp-SlackStatusAppUITests.release.xcconfig */ = {isa = PBXFileReference; includeInIndex = 1; lastKnownFileType = text.xcconfig; name = "Pods-SlackStatusApp-SlackStatusAppUITests.release.xcconfig"; path = "Target Support Files/Pods-SlackStatusApp-SlackStatusAppUITests/Pods-SlackStatusApp-SlackStatusAppUITests.release.xcconfig"; sourceTree = "<group>"; };
		532A76749C1AE11B60B41A1E /* Pods_SlackStatusAppTests.framework */ = {isa = PBXFileReference; explicitFileType = wrapper.framework; includeInIndex = 0; path = Pods_SlackStatusAppTests.framework; sourceTree = BUILT_PRODUCTS_DIR; };
		704AC622795569EC782FE505 /* Pods_SlackStatusApp.framework */ = {isa = PBXFileReference; explicitFileType = wrapper.framework; includeInIndex = 0; path = Pods_SlackStatusApp.framework; sourceTree = BUILT_PRODUCTS_DIR; };
		7B140D6B1118600E6C4A8CEB /* Pods-SlackStatusAppTests.release.xcconfig */ = {isa = PBXFileReference; includeInIndex = 1; lastKnownFileType = text.xcconfig; name = "Pods-SlackStatusAppTests.release.xcconfig"; path = "Target Support Files/Pods-SlackStatusAppTests/Pods-SlackStatusAppTests.release.xcconfig"; sourceTree = "<group>"; };
		90B12C5DA7D75B2ED85213E5 /* Pods-SlackStatusApp.debug.xcconfig */ = {isa = PBXFileReference; includeInIndex = 1; lastKnownFileType = text.xcconfig; name = "Pods-SlackStatusApp.debug.xcconfig"; path = "Target Support Files/Pods-SlackStatusApp/Pods-SlackStatusApp.debug.xcconfig"; sourceTree = "<group>"; };
		A9A51421C8F70282FE40C626 /* Pods-SlackStatusApp-SlackStatusAppUITests.debug.xcconfig */ = {isa = PBXFileReference; includeInIndex = 1; lastKnownFileType = text.xcconfig; name = "Pods-SlackStatusApp-SlackStatusAppUITests.debug.xcconfig"; path = "Target Support Files/Pods-SlackStatusApp-SlackStatusAppUITests/Pods-SlackStatusApp-SlackStatusAppUITests.debug.xcconfig"; sourceTree = "<group>"; };
		CF026C5024C9930D00CC6BF2 /* SlackStatusApp.app */ = {isa = PBXFileReference; explicitFileType = wrapper.application; includeInIndex = 0; path = SlackStatusApp.app; sourceTree = BUILT_PRODUCTS_DIR; };
		CF026C5324C9930D00CC6BF2 /* SlackStatusAppApp.swift */ = {isa = PBXFileReference; lastKnownFileType = sourcecode.swift; path = SlackStatusAppApp.swift; sourceTree = "<group>"; };
		CF026C5524C9930D00CC6BF2 /* ContentCell.swift */ = {isa = PBXFileReference; lastKnownFileType = sourcecode.swift; path = ContentCell.swift; sourceTree = "<group>"; };
		CF026C5724C9930E00CC6BF2 /* Assets.xcassets */ = {isa = PBXFileReference; lastKnownFileType = folder.assetcatalog; path = Assets.xcassets; sourceTree = "<group>"; };
		CF026C5A24C9930E00CC6BF2 /* Preview Assets.xcassets */ = {isa = PBXFileReference; lastKnownFileType = folder.assetcatalog; path = "Preview Assets.xcassets"; sourceTree = "<group>"; };
		CF026C5C24C9930E00CC6BF2 /* Info.plist */ = {isa = PBXFileReference; lastKnownFileType = text.plist.xml; path = Info.plist; sourceTree = "<group>"; };
		CF026C6124C9930E00CC6BF2 /* SlackStatusAppTests.xctest */ = {isa = PBXFileReference; explicitFileType = wrapper.cfbundle; includeInIndex = 0; path = SlackStatusAppTests.xctest; sourceTree = BUILT_PRODUCTS_DIR; };
		CF026C6524C9930E00CC6BF2 /* SlackStatusAppTests.swift */ = {isa = PBXFileReference; lastKnownFileType = sourcecode.swift; path = SlackStatusAppTests.swift; sourceTree = "<group>"; };
		CF026C6724C9930E00CC6BF2 /* Info.plist */ = {isa = PBXFileReference; lastKnownFileType = text.plist.xml; path = Info.plist; sourceTree = "<group>"; };
		CF026C6C24C9930E00CC6BF2 /* SlackStatusAppUITests.xctest */ = {isa = PBXFileReference; explicitFileType = wrapper.cfbundle; includeInIndex = 0; path = SlackStatusAppUITests.xctest; sourceTree = BUILT_PRODUCTS_DIR; };
		CF026C7024C9930E00CC6BF2 /* SlackStatusAppUITests.swift */ = {isa = PBXFileReference; lastKnownFileType = sourcecode.swift; path = SlackStatusAppUITests.swift; sourceTree = "<group>"; };
		CF026C7224C9930E00CC6BF2 /* Info.plist */ = {isa = PBXFileReference; lastKnownFileType = text.plist.xml; path = Info.plist; sourceTree = "<group>"; };
		CF026C7E24C9995100CC6BF2 /* SlackManager.swift */ = {isa = PBXFileReference; lastKnownFileType = sourcecode.swift; path = SlackManager.swift; sourceTree = "<group>"; };
		CF026C8024C9C2EF00CC6BF2 /* TopListView.swift */ = {isa = PBXFileReference; lastKnownFileType = sourcecode.swift; path = TopListView.swift; sourceTree = "<group>"; };
		CF026C8324CA668E00CC6BF2 /* SlackStatus.swift */ = {isa = PBXFileReference; lastKnownFileType = sourcecode.swift; path = SlackStatus.swift; sourceTree = "<group>"; };
		CF026C8524CA6FC400CC6BF2 /* EmojiContent.swift */ = {isa = PBXFileReference; lastKnownFileType = sourcecode.swift; path = EmojiContent.swift; sourceTree = "<group>"; };
		CF236C2124CAD64600077641 /* NukeImage.swift */ = {isa = PBXFileReference; lastKnownFileType = sourcecode.swift; path = NukeImage.swift; sourceTree = "<group>"; };
		CF25F51F24CAD899009E4149 /* NukeImageView.swift */ = {isa = PBXFileReference; lastKnownFileType = sourcecode.swift; path = NukeImageView.swift; sourceTree = "<group>"; };
		CF5E9D3A24CBB59800D96735 /* SlackStatusView.swift */ = {isa = PBXFileReference; lastKnownFileType = sourcecode.swift; path = SlackStatusView.swift; sourceTree = "<group>"; };
		CF5E9D3C24CC2FCC00D96735 /* EmojiDetail.swift */ = {isa = PBXFileReference; lastKnownFileType = sourcecode.swift; path = EmojiDetail.swift; sourceTree = "<group>"; };
		D2E0F1754866B4FDBA4B8D9D /* Pods-SlackStatusApp.release.xcconfig */ = {isa = PBXFileReference; includeInIndex = 1; lastKnownFileType = text.xcconfig; name = "Pods-SlackStatusApp.release.xcconfig"; path = "Target Support Files/Pods-SlackStatusApp/Pods-SlackStatusApp.release.xcconfig"; sourceTree = "<group>"; };
		D7DF1D4F726A81560C7E3923 /* Pods_SlackStatusApp_SlackStatusAppUITests.framework */ = {isa = PBXFileReference; explicitFileType = wrapper.framework; includeInIndex = 0; path = Pods_SlackStatusApp_SlackStatusAppUITests.framework; sourceTree = BUILT_PRODUCTS_DIR; };
		E6AE144027370AB36A0B8542 /* Pods-SlackStatusAppTests.debug.xcconfig */ = {isa = PBXFileReference; includeInIndex = 1; lastKnownFileType = text.xcconfig; name = "Pods-SlackStatusAppTests.debug.xcconfig"; path = "Target Support Files/Pods-SlackStatusAppTests/Pods-SlackStatusAppTests.debug.xcconfig"; sourceTree = "<group>"; };
/* End PBXFileReference section */

/* Begin PBXFrameworksBuildPhase section */
		CF026C4D24C9930D00CC6BF2 /* Frameworks */ = {
			isa = PBXFrameworksBuildPhase;
			buildActionMask = 2147483647;
			files = (
				13510A2DD4DB12D03C9AC9A3 /* Pods_SlackStatusApp.framework in Frameworks */,
			);
			runOnlyForDeploymentPostprocessing = 0;
		};
		CF026C5E24C9930E00CC6BF2 /* Frameworks */ = {
			isa = PBXFrameworksBuildPhase;
			buildActionMask = 2147483647;
			files = (
				0F261269BFC09C0660383C7B /* Pods_SlackStatusAppTests.framework in Frameworks */,
			);
			runOnlyForDeploymentPostprocessing = 0;
		};
		CF026C6924C9930E00CC6BF2 /* Frameworks */ = {
			isa = PBXFrameworksBuildPhase;
			buildActionMask = 2147483647;
			files = (
				0DF0BECF67BDFD3BF6FB7F33 /* Pods_SlackStatusApp_SlackStatusAppUITests.framework in Frameworks */,
			);
			runOnlyForDeploymentPostprocessing = 0;
		};
/* End PBXFrameworksBuildPhase section */

/* Begin PBXGroup section */
		529035E92CCAA65D916BFA5C /* Pods */ = {
			isa = PBXGroup;
			children = (
				90B12C5DA7D75B2ED85213E5 /* Pods-SlackStatusApp.debug.xcconfig */,
				D2E0F1754866B4FDBA4B8D9D /* Pods-SlackStatusApp.release.xcconfig */,
				A9A51421C8F70282FE40C626 /* Pods-SlackStatusApp-SlackStatusAppUITests.debug.xcconfig */,
				4730BF5066C3BEDE12B1EC66 /* Pods-SlackStatusApp-SlackStatusAppUITests.release.xcconfig */,
				E6AE144027370AB36A0B8542 /* Pods-SlackStatusAppTests.debug.xcconfig */,
				7B140D6B1118600E6C4A8CEB /* Pods-SlackStatusAppTests.release.xcconfig */,
			);
			path = Pods;
			sourceTree = "<group>";
		};
		CF026C4724C9930D00CC6BF2 = {
			isa = PBXGroup;
			children = (
				CF026C5224C9930D00CC6BF2 /* SlackStatusApp */,
				CF026C6424C9930E00CC6BF2 /* SlackStatusAppTests */,
				CF026C6F24C9930E00CC6BF2 /* SlackStatusAppUITests */,
				CF026C5124C9930D00CC6BF2 /* Products */,
				529035E92CCAA65D916BFA5C /* Pods */,
				D9B864390FCBD9984B3E74B5 /* Frameworks */,
			);
			sourceTree = "<group>";
		};
		CF026C5124C9930D00CC6BF2 /* Products */ = {
			isa = PBXGroup;
			children = (
				CF026C5024C9930D00CC6BF2 /* SlackStatusApp.app */,
				CF026C6124C9930E00CC6BF2 /* SlackStatusAppTests.xctest */,
				CF026C6C24C9930E00CC6BF2 /* SlackStatusAppUITests.xctest */,
			);
			name = Products;
			sourceTree = "<group>";
		};
		CF026C5224C9930D00CC6BF2 /* SlackStatusApp */ = {
			isa = PBXGroup;
			children = (
				CF026C5324C9930D00CC6BF2 /* SlackStatusAppApp.swift */,
				CF25F52124CB113D009E4149 /* Manager */,
				CF25F52224CB1157009E4149 /* View */,
				CF026C8224CA667E00CC6BF2 /* Model */,
				CF236C2124CAD64600077641 /* NukeImage.swift */,
				CF026C5724C9930E00CC6BF2 /* Assets.xcassets */,
				CF026C5C24C9930E00CC6BF2 /* Info.plist */,
				CF026C5924C9930E00CC6BF2 /* Preview Content */,
			);
			path = SlackStatusApp;
			sourceTree = "<group>";
		};
		CF026C5924C9930E00CC6BF2 /* Preview Content */ = {
			isa = PBXGroup;
			children = (
				CF026C5A24C9930E00CC6BF2 /* Preview Assets.xcassets */,
			);
			path = "Preview Content";
			sourceTree = "<group>";
		};
		CF026C6424C9930E00CC6BF2 /* SlackStatusAppTests */ = {
			isa = PBXGroup;
			children = (
				CF026C6524C9930E00CC6BF2 /* SlackStatusAppTests.swift */,
				CF026C6724C9930E00CC6BF2 /* Info.plist */,
			);
			path = SlackStatusAppTests;
			sourceTree = "<group>";
		};
		CF026C6F24C9930E00CC6BF2 /* SlackStatusAppUITests */ = {
			isa = PBXGroup;
			children = (
				CF026C7024C9930E00CC6BF2 /* SlackStatusAppUITests.swift */,
				CF026C7224C9930E00CC6BF2 /* Info.plist */,
			);
			path = SlackStatusAppUITests;
			sourceTree = "<group>";
		};
		CF026C8224CA667E00CC6BF2 /* Model */ = {
			isa = PBXGroup;
			children = (
				CF026C8324CA668E00CC6BF2 /* SlackStatus.swift */,
				CF026C8524CA6FC400CC6BF2 /* EmojiContent.swift */,
			);
			path = Model;
			sourceTree = "<group>";
		};
		CF25F52124CB113D009E4149 /* Manager */ = {
			isa = PBXGroup;
			children = (
				CF026C7E24C9995100CC6BF2 /* SlackManager.swift */,
			);
			path = Manager;
			sourceTree = "<group>";
		};
		CF25F52224CB1157009E4149 /* View */ = {
			isa = PBXGroup;
			children = (
				CF5E9D3924CBB57100D96735 /* Common */,
				CF026C5524C9930D00CC6BF2 /* ContentCell.swift */,
				CF5E9D3A24CBB59800D96735 /* SlackStatusView.swift */,
				CF026C8024C9C2EF00CC6BF2 /* TopListView.swift */,
				CF5E9D3C24CC2FCC00D96735 /* EmojiDetail.swift */,
			);
			name = View;
			path = ..;
			sourceTree = "<group>";
		};
		CF5E9D3924CBB57100D96735 /* Common */ = {
			isa = PBXGroup;
			children = (
				CF25F51F24CAD899009E4149 /* NukeImageView.swift */,
			);
			path = Common;
			sourceTree = "<group>";
		};
		D9B864390FCBD9984B3E74B5 /* Frameworks */ = {
			isa = PBXGroup;
			children = (
				704AC622795569EC782FE505 /* Pods_SlackStatusApp.framework */,
				D7DF1D4F726A81560C7E3923 /* Pods_SlackStatusApp_SlackStatusAppUITests.framework */,
				532A76749C1AE11B60B41A1E /* Pods_SlackStatusAppTests.framework */,
			);
			name = Frameworks;
			sourceTree = "<group>";
		};
/* End PBXGroup section */

/* Begin PBXNativeTarget section */
		CF026C4F24C9930D00CC6BF2 /* SlackStatusApp */ = {
			isa = PBXNativeTarget;
			buildConfigurationList = CF026C7524C9930E00CC6BF2 /* Build configuration list for PBXNativeTarget "SlackStatusApp" */;
			buildPhases = (
				6B55D4A5CCC29C4A39000B9C /* [CP] Check Pods Manifest.lock */,
				CF026C4C24C9930D00CC6BF2 /* Sources */,
				CF026C4D24C9930D00CC6BF2 /* Frameworks */,
				CF026C4E24C9930D00CC6BF2 /* Resources */,
				5B9D7945695C520117A49FB3 /* [CP] Embed Pods Frameworks */,
			);
			buildRules = (
			);
			dependencies = (
			);
			name = SlackStatusApp;
			productName = SlackStatusApp;
			productReference = CF026C5024C9930D00CC6BF2 /* SlackStatusApp.app */;
			productType = "com.apple.product-type.application";
		};
		CF026C6024C9930E00CC6BF2 /* SlackStatusAppTests */ = {
			isa = PBXNativeTarget;
			buildConfigurationList = CF026C7824C9930E00CC6BF2 /* Build configuration list for PBXNativeTarget "SlackStatusAppTests" */;
			buildPhases = (
				DD65076A77A8D40FE876A472 /* [CP] Check Pods Manifest.lock */,
				CF026C5D24C9930E00CC6BF2 /* Sources */,
				CF026C5E24C9930E00CC6BF2 /* Frameworks */,
				CF026C5F24C9930E00CC6BF2 /* Resources */,
			);
			buildRules = (
			);
			dependencies = (
				CF026C6324C9930E00CC6BF2 /* PBXTargetDependency */,
			);
			name = SlackStatusAppTests;
			productName = SlackStatusAppTests;
			productReference = CF026C6124C9930E00CC6BF2 /* SlackStatusAppTests.xctest */;
			productType = "com.apple.product-type.bundle.unit-test";
		};
		CF026C6B24C9930E00CC6BF2 /* SlackStatusAppUITests */ = {
			isa = PBXNativeTarget;
			buildConfigurationList = CF026C7B24C9930E00CC6BF2 /* Build configuration list for PBXNativeTarget "SlackStatusAppUITests" */;
			buildPhases = (
				C896318237D894065E8B31A7 /* [CP] Check Pods Manifest.lock */,
				CF026C6824C9930E00CC6BF2 /* Sources */,
				CF026C6924C9930E00CC6BF2 /* Frameworks */,
				CF026C6A24C9930E00CC6BF2 /* Resources */,
				BDB6DDD7232D8967F0CE4B38 /* [CP] Embed Pods Frameworks */,
			);
			buildRules = (
			);
			dependencies = (
				CF026C6E24C9930E00CC6BF2 /* PBXTargetDependency */,
			);
			name = SlackStatusAppUITests;
			productName = SlackStatusAppUITests;
			productReference = CF026C6C24C9930E00CC6BF2 /* SlackStatusAppUITests.xctest */;
			productType = "com.apple.product-type.bundle.ui-testing";
		};
/* End PBXNativeTarget section */

/* Begin PBXProject section */
		CF026C4824C9930D00CC6BF2 /* Project object */ = {
			isa = PBXProject;
			attributes = {
				LastSwiftUpdateCheck = 1200;
				LastUpgradeCheck = 1200;
				TargetAttributes = {
					CF026C4F24C9930D00CC6BF2 = {
						CreatedOnToolsVersion = 12.0;
					};
					CF026C6024C9930E00CC6BF2 = {
						CreatedOnToolsVersion = 12.0;
						TestTargetID = CF026C4F24C9930D00CC6BF2;
					};
					CF026C6B24C9930E00CC6BF2 = {
						CreatedOnToolsVersion = 12.0;
						TestTargetID = CF026C4F24C9930D00CC6BF2;
					};
				};
			};
			buildConfigurationList = CF026C4B24C9930D00CC6BF2 /* Build configuration list for PBXProject "SlackStatusApp" */;
			compatibilityVersion = "Xcode 9.3";
			developmentRegion = en;
			hasScannedForEncodings = 0;
			knownRegions = (
				en,
				Base,
			);
			mainGroup = CF026C4724C9930D00CC6BF2;
			productRefGroup = CF026C5124C9930D00CC6BF2 /* Products */;
			projectDirPath = "";
			projectRoot = "";
			targets = (
				CF026C4F24C9930D00CC6BF2 /* SlackStatusApp */,
				CF026C6024C9930E00CC6BF2 /* SlackStatusAppTests */,
				CF026C6B24C9930E00CC6BF2 /* SlackStatusAppUITests */,
			);
		};
/* End PBXProject section */

/* Begin PBXResourcesBuildPhase section */
		CF026C4E24C9930D00CC6BF2 /* Resources */ = {
			isa = PBXResourcesBuildPhase;
			buildActionMask = 2147483647;
			files = (
				CF026C5B24C9930E00CC6BF2 /* Preview Assets.xcassets in Resources */,
				CF026C5824C9930E00CC6BF2 /* Assets.xcassets in Resources */,
			);
			runOnlyForDeploymentPostprocessing = 0;
		};
		CF026C5F24C9930E00CC6BF2 /* Resources */ = {
			isa = PBXResourcesBuildPhase;
			buildActionMask = 2147483647;
			files = (
			);
			runOnlyForDeploymentPostprocessing = 0;
		};
		CF026C6A24C9930E00CC6BF2 /* Resources */ = {
			isa = PBXResourcesBuildPhase;
			buildActionMask = 2147483647;
			files = (
			);
			runOnlyForDeploymentPostprocessing = 0;
		};
/* End PBXResourcesBuildPhase section */

/* Begin PBXShellScriptBuildPhase section */
		5B9D7945695C520117A49FB3 /* [CP] Embed Pods Frameworks */ = {
			isa = PBXShellScriptBuildPhase;
			buildActionMask = 2147483647;
			files = (
			);
			inputFileListPaths = (
				"${PODS_ROOT}/Target Support Files/Pods-SlackStatusApp/Pods-SlackStatusApp-frameworks-${CONFIGURATION}-input-files.xcfilelist",
			);
			name = "[CP] Embed Pods Frameworks";
			outputFileListPaths = (
				"${PODS_ROOT}/Target Support Files/Pods-SlackStatusApp/Pods-SlackStatusApp-frameworks-${CONFIGURATION}-output-files.xcfilelist",
			);
			runOnlyForDeploymentPostprocessing = 0;
			shellPath = /bin/sh;
			shellScript = "\"${PODS_ROOT}/Target Support Files/Pods-SlackStatusApp/Pods-SlackStatusApp-frameworks.sh\"\n";
			showEnvVarsInLog = 0;
		};
		6B55D4A5CCC29C4A39000B9C /* [CP] Check Pods Manifest.lock */ = {
			isa = PBXShellScriptBuildPhase;
			buildActionMask = 2147483647;
			files = (
			);
			inputFileListPaths = (
			);
			inputPaths = (
				"${PODS_PODFILE_DIR_PATH}/Podfile.lock",
				"${PODS_ROOT}/Manifest.lock",
			);
			name = "[CP] Check Pods Manifest.lock";
			outputFileListPaths = (
			);
			outputPaths = (
				"$(DERIVED_FILE_DIR)/Pods-SlackStatusApp-checkManifestLockResult.txt",
			);
			runOnlyForDeploymentPostprocessing = 0;
			shellPath = /bin/sh;
			shellScript = "diff \"${PODS_PODFILE_DIR_PATH}/Podfile.lock\" \"${PODS_ROOT}/Manifest.lock\" > /dev/null\nif [ $? != 0 ] ; then\n    # print error to STDERR\n    echo \"error: The sandbox is not in sync with the Podfile.lock. Run 'pod install' or update your CocoaPods installation.\" >&2\n    exit 1\nfi\n# This output is used by Xcode 'outputs' to avoid re-running this script phase.\necho \"SUCCESS\" > \"${SCRIPT_OUTPUT_FILE_0}\"\n";
			showEnvVarsInLog = 0;
		};
		BDB6DDD7232D8967F0CE4B38 /* [CP] Embed Pods Frameworks */ = {
			isa = PBXShellScriptBuildPhase;
			buildActionMask = 2147483647;
			files = (
			);
			inputFileListPaths = (
				"${PODS_ROOT}/Target Support Files/Pods-SlackStatusApp-SlackStatusAppUITests/Pods-SlackStatusApp-SlackStatusAppUITests-frameworks-${CONFIGURATION}-input-files.xcfilelist",
			);
			name = "[CP] Embed Pods Frameworks";
			outputFileListPaths = (
				"${PODS_ROOT}/Target Support Files/Pods-SlackStatusApp-SlackStatusAppUITests/Pods-SlackStatusApp-SlackStatusAppUITests-frameworks-${CONFIGURATION}-output-files.xcfilelist",
			);
			runOnlyForDeploymentPostprocessing = 0;
			shellPath = /bin/sh;
			shellScript = "\"${PODS_ROOT}/Target Support Files/Pods-SlackStatusApp-SlackStatusAppUITests/Pods-SlackStatusApp-SlackStatusAppUITests-frameworks.sh\"\n";
			showEnvVarsInLog = 0;
		};
		C896318237D894065E8B31A7 /* [CP] Check Pods Manifest.lock */ = {
			isa = PBXShellScriptBuildPhase;
			buildActionMask = 2147483647;
			files = (
			);
			inputFileListPaths = (
			);
			inputPaths = (
				"${PODS_PODFILE_DIR_PATH}/Podfile.lock",
				"${PODS_ROOT}/Manifest.lock",
			);
			name = "[CP] Check Pods Manifest.lock";
			outputFileListPaths = (
			);
			outputPaths = (
				"$(DERIVED_FILE_DIR)/Pods-SlackStatusApp-SlackStatusAppUITests-checkManifestLockResult.txt",
			);
			runOnlyForDeploymentPostprocessing = 0;
			shellPath = /bin/sh;
			shellScript = "diff \"${PODS_PODFILE_DIR_PATH}/Podfile.lock\" \"${PODS_ROOT}/Manifest.lock\" > /dev/null\nif [ $? != 0 ] ; then\n    # print error to STDERR\n    echo \"error: The sandbox is not in sync with the Podfile.lock. Run 'pod install' or update your CocoaPods installation.\" >&2\n    exit 1\nfi\n# This output is used by Xcode 'outputs' to avoid re-running this script phase.\necho \"SUCCESS\" > \"${SCRIPT_OUTPUT_FILE_0}\"\n";
			showEnvVarsInLog = 0;
		};
		DD65076A77A8D40FE876A472 /* [CP] Check Pods Manifest.lock */ = {
			isa = PBXShellScriptBuildPhase;
			buildActionMask = 2147483647;
			files = (
			);
			inputFileListPaths = (
			);
			inputPaths = (
				"${PODS_PODFILE_DIR_PATH}/Podfile.lock",
				"${PODS_ROOT}/Manifest.lock",
			);
			name = "[CP] Check Pods Manifest.lock";
			outputFileListPaths = (
			);
			outputPaths = (
				"$(DERIVED_FILE_DIR)/Pods-SlackStatusAppTests-checkManifestLockResult.txt",
			);
			runOnlyForDeploymentPostprocessing = 0;
			shellPath = /bin/sh;
			shellScript = "diff \"${PODS_PODFILE_DIR_PATH}/Podfile.lock\" \"${PODS_ROOT}/Manifest.lock\" > /dev/null\nif [ $? != 0 ] ; then\n    # print error to STDERR\n    echo \"error: The sandbox is not in sync with the Podfile.lock. Run 'pod install' or update your CocoaPods installation.\" >&2\n    exit 1\nfi\n# This output is used by Xcode 'outputs' to avoid re-running this script phase.\necho \"SUCCESS\" > \"${SCRIPT_OUTPUT_FILE_0}\"\n";
			showEnvVarsInLog = 0;
		};
/* End PBXShellScriptBuildPhase section */

/* Begin PBXSourcesBuildPhase section */
		CF026C4C24C9930D00CC6BF2 /* Sources */ = {
			isa = PBXSourcesBuildPhase;
			buildActionMask = 2147483647;
			files = (
				CF026C8624CA6FC400CC6BF2 /* EmojiContent.swift in Sources */,
				CF026C8124C9C2EF00CC6BF2 /* TopListView.swift in Sources */,
				CF236C2224CAD64600077641 /* NukeImage.swift in Sources */,
				CF026C5624C9930D00CC6BF2 /* ContentCell.swift in Sources */,
				CF5E9D3B24CBB59800D96735 /* SlackStatusView.swift in Sources */,
				CF026C5424C9930D00CC6BF2 /* SlackStatusAppApp.swift in Sources */,
				CF026C8424CA668E00CC6BF2 /* SlackStatus.swift in Sources */,
				CF026C7F24C9995100CC6BF2 /* SlackManager.swift in Sources */,
				CF25F52024CAD899009E4149 /* NukeImageView.swift in Sources */,
				CF5E9D3D24CC2FCC00D96735 /* EmojiDetail.swift in Sources */,
			);
			runOnlyForDeploymentPostprocessing = 0;
		};
		CF026C5D24C9930E00CC6BF2 /* Sources */ = {
			isa = PBXSourcesBuildPhase;
			buildActionMask = 2147483647;
			files = (
				CF026C6624C9930E00CC6BF2 /* SlackStatusAppTests.swift in Sources */,
			);
			runOnlyForDeploymentPostprocessing = 0;
		};
		CF026C6824C9930E00CC6BF2 /* Sources */ = {
			isa = PBXSourcesBuildPhase;
			buildActionMask = 2147483647;
			files = (
				CF026C7124C9930E00CC6BF2 /* SlackStatusAppUITests.swift in Sources */,
			);
			runOnlyForDeploymentPostprocessing = 0;
		};
/* End PBXSourcesBuildPhase section */

/* Begin PBXTargetDependency section */
		CF026C6324C9930E00CC6BF2 /* PBXTargetDependency */ = {
			isa = PBXTargetDependency;
			target = CF026C4F24C9930D00CC6BF2 /* SlackStatusApp */;
			targetProxy = CF026C6224C9930E00CC6BF2 /* PBXContainerItemProxy */;
		};
		CF026C6E24C9930E00CC6BF2 /* PBXTargetDependency */ = {
			isa = PBXTargetDependency;
			target = CF026C4F24C9930D00CC6BF2 /* SlackStatusApp */;
			targetProxy = CF026C6D24C9930E00CC6BF2 /* PBXContainerItemProxy */;
		};
/* End PBXTargetDependency section */

/* Begin XCBuildConfiguration section */
		CF026C7324C9930E00CC6BF2 /* Debug */ = {
			isa = XCBuildConfiguration;
			buildSettings = {
				ALWAYS_SEARCH_USER_PATHS = NO;
				CLANG_ANALYZER_NONNULL = YES;
				CLANG_ANALYZER_NUMBER_OBJECT_CONVERSION = YES_AGGRESSIVE;
				CLANG_CXX_LANGUAGE_STANDARD = "gnu++14";
				CLANG_CXX_LIBRARY = "libc++";
				CLANG_ENABLE_MODULES = YES;
				CLANG_ENABLE_OBJC_ARC = YES;
				CLANG_ENABLE_OBJC_WEAK = YES;
				CLANG_WARN_BLOCK_CAPTURE_AUTORELEASING = YES;
				CLANG_WARN_BOOL_CONVERSION = YES;
				CLANG_WARN_COMMA = YES;
				CLANG_WARN_CONSTANT_CONVERSION = YES;
				CLANG_WARN_DEPRECATED_OBJC_IMPLEMENTATIONS = YES;
				CLANG_WARN_DIRECT_OBJC_ISA_USAGE = YES_ERROR;
				CLANG_WARN_DOCUMENTATION_COMMENTS = YES;
				CLANG_WARN_EMPTY_BODY = YES;
				CLANG_WARN_ENUM_CONVERSION = YES;
				CLANG_WARN_INFINITE_RECURSION = YES;
				CLANG_WARN_INT_CONVERSION = YES;
				CLANG_WARN_NON_LITERAL_NULL_CONVERSION = YES;
				CLANG_WARN_OBJC_IMPLICIT_RETAIN_SELF = YES;
				CLANG_WARN_OBJC_LITERAL_CONVERSION = YES;
				CLANG_WARN_OBJC_ROOT_CLASS = YES_ERROR;
				CLANG_WARN_QUOTED_INCLUDE_IN_FRAMEWORK_HEADER = YES;
				CLANG_WARN_RANGE_LOOP_ANALYSIS = YES;
				CLANG_WARN_STRICT_PROTOTYPES = YES;
				CLANG_WARN_SUSPICIOUS_MOVE = YES;
				CLANG_WARN_UNGUARDED_AVAILABILITY = YES_AGGRESSIVE;
				CLANG_WARN_UNREACHABLE_CODE = YES;
				CLANG_WARN__DUPLICATE_METHOD_MATCH = YES;
				COPY_PHASE_STRIP = NO;
				DEBUG_INFORMATION_FORMAT = dwarf;
				ENABLE_STRICT_OBJC_MSGSEND = YES;
				ENABLE_TESTABILITY = YES;
				GCC_C_LANGUAGE_STANDARD = gnu11;
				GCC_DYNAMIC_NO_PIC = NO;
				GCC_NO_COMMON_BLOCKS = YES;
				GCC_OPTIMIZATION_LEVEL = 0;
				GCC_PREPROCESSOR_DEFINITIONS = (
					"DEBUG=1",
					"$(inherited)",
				);
				GCC_WARN_64_TO_32_BIT_CONVERSION = YES;
				GCC_WARN_ABOUT_RETURN_TYPE = YES_ERROR;
				GCC_WARN_UNDECLARED_SELECTOR = YES;
				GCC_WARN_UNINITIALIZED_AUTOS = YES_AGGRESSIVE;
				GCC_WARN_UNUSED_FUNCTION = YES;
				GCC_WARN_UNUSED_VARIABLE = YES;
				IPHONEOS_DEPLOYMENT_TARGET = 14.0;
				MTL_ENABLE_DEBUG_INFO = INCLUDE_SOURCE;
				MTL_FAST_MATH = YES;
				ONLY_ACTIVE_ARCH = YES;
				SDKROOT = iphoneos;
				SWIFT_ACTIVE_COMPILATION_CONDITIONS = DEBUG;
				SWIFT_OPTIMIZATION_LEVEL = "-Onone";
			};
			name = Debug;
		};
		CF026C7424C9930E00CC6BF2 /* Release */ = {
			isa = XCBuildConfiguration;
			buildSettings = {
				ALWAYS_SEARCH_USER_PATHS = NO;
				CLANG_ANALYZER_NONNULL = YES;
				CLANG_ANALYZER_NUMBER_OBJECT_CONVERSION = YES_AGGRESSIVE;
				CLANG_CXX_LANGUAGE_STANDARD = "gnu++14";
				CLANG_CXX_LIBRARY = "libc++";
				CLANG_ENABLE_MODULES = YES;
				CLANG_ENABLE_OBJC_ARC = YES;
				CLANG_ENABLE_OBJC_WEAK = YES;
				CLANG_WARN_BLOCK_CAPTURE_AUTORELEASING = YES;
				CLANG_WARN_BOOL_CONVERSION = YES;
				CLANG_WARN_COMMA = YES;
				CLANG_WARN_CONSTANT_CONVERSION = YES;
				CLANG_WARN_DEPRECATED_OBJC_IMPLEMENTATIONS = YES;
				CLANG_WARN_DIRECT_OBJC_ISA_USAGE = YES_ERROR;
				CLANG_WARN_DOCUMENTATION_COMMENTS = YES;
				CLANG_WARN_EMPTY_BODY = YES;
				CLANG_WARN_ENUM_CONVERSION = YES;
				CLANG_WARN_INFINITE_RECURSION = YES;
				CLANG_WARN_INT_CONVERSION = YES;
				CLANG_WARN_NON_LITERAL_NULL_CONVERSION = YES;
				CLANG_WARN_OBJC_IMPLICIT_RETAIN_SELF = YES;
				CLANG_WARN_OBJC_LITERAL_CONVERSION = YES;
				CLANG_WARN_OBJC_ROOT_CLASS = YES_ERROR;
				CLANG_WARN_QUOTED_INCLUDE_IN_FRAMEWORK_HEADER = YES;
				CLANG_WARN_RANGE_LOOP_ANALYSIS = YES;
				CLANG_WARN_STRICT_PROTOTYPES = YES;
				CLANG_WARN_SUSPICIOUS_MOVE = YES;
				CLANG_WARN_UNGUARDED_AVAILABILITY = YES_AGGRESSIVE;
				CLANG_WARN_UNREACHABLE_CODE = YES;
				CLANG_WARN__DUPLICATE_METHOD_MATCH = YES;
				COPY_PHASE_STRIP = NO;
				DEBUG_INFORMATION_FORMAT = "dwarf-with-dsym";
				ENABLE_NS_ASSERTIONS = NO;
				ENABLE_STRICT_OBJC_MSGSEND = YES;
				GCC_C_LANGUAGE_STANDARD = gnu11;
				GCC_NO_COMMON_BLOCKS = YES;
				GCC_WARN_64_TO_32_BIT_CONVERSION = YES;
				GCC_WARN_ABOUT_RETURN_TYPE = YES_ERROR;
				GCC_WARN_UNDECLARED_SELECTOR = YES;
				GCC_WARN_UNINITIALIZED_AUTOS = YES_AGGRESSIVE;
				GCC_WARN_UNUSED_FUNCTION = YES;
				GCC_WARN_UNUSED_VARIABLE = YES;
				IPHONEOS_DEPLOYMENT_TARGET = 14.0;
				MTL_ENABLE_DEBUG_INFO = NO;
				MTL_FAST_MATH = YES;
				SDKROOT = iphoneos;
				SWIFT_COMPILATION_MODE = wholemodule;
				SWIFT_OPTIMIZATION_LEVEL = "-O";
				VALIDATE_PRODUCT = YES;
			};
			name = Release;
		};
		CF026C7624C9930E00CC6BF2 /* Debug */ = {
			isa = XCBuildConfiguration;
			baseConfigurationReference = 90B12C5DA7D75B2ED85213E5 /* Pods-SlackStatusApp.debug.xcconfig */;
			buildSettings = {
				ASSETCATALOG_COMPILER_APPICON_NAME = AppIcon;
				ASSETCATALOG_COMPILER_GLOBAL_ACCENT_COLOR_NAME = AccentColor;
				CODE_SIGN_STYLE = Automatic;
				DEVELOPMENT_ASSET_PATHS = "\"SlackStatusApp/Preview Content\"";
				DEVELOPMENT_TEAM = DQ6L6A5H88;
				ENABLE_PREVIEWS = YES;
				INFOPLIST_FILE = SlackStatusApp/Info.plist;
				IPHONEOS_DEPLOYMENT_TARGET = 14.0;
				LD_RUNPATH_SEARCH_PATHS = (
					"$(inherited)",
					"@executable_path/Frameworks",
				);
				PRODUCT_BUNDLE_IDENTIFIER = ChikatoTakenouchi.SlackStatusApp;
				PRODUCT_NAME = "$(TARGET_NAME)";
				SWIFT_VERSION = 5.0;
				TARGETED_DEVICE_FAMILY = "1,2";
			};
			name = Debug;
		};
		CF026C7724C9930E00CC6BF2 /* Release */ = {
			isa = XCBuildConfiguration;
			baseConfigurationReference = D2E0F1754866B4FDBA4B8D9D /* Pods-SlackStatusApp.release.xcconfig */;
			buildSettings = {
				ASSETCATALOG_COMPILER_APPICON_NAME = AppIcon;
				ASSETCATALOG_COMPILER_GLOBAL_ACCENT_COLOR_NAME = AccentColor;
				CODE_SIGN_STYLE = Automatic;
				DEVELOPMENT_ASSET_PATHS = "\"SlackStatusApp/Preview Content\"";
				DEVELOPMENT_TEAM = DQ6L6A5H88;
				ENABLE_PREVIEWS = YES;
				INFOPLIST_FILE = SlackStatusApp/Info.plist;
				IPHONEOS_DEPLOYMENT_TARGET = 14.0;
				LD_RUNPATH_SEARCH_PATHS = (
					"$(inherited)",
					"@executable_path/Frameworks",
				);
				PRODUCT_BUNDLE_IDENTIFIER = ChikatoTakenouchi.SlackStatusApp;
				PRODUCT_NAME = "$(TARGET_NAME)";
				SWIFT_VERSION = 5.0;
				TARGETED_DEVICE_FAMILY = "1,2";
			};
			name = Release;
		};
		CF026C7924C9930E00CC6BF2 /* Debug */ = {
			isa = XCBuildConfiguration;
			baseConfigurationReference = E6AE144027370AB36A0B8542 /* Pods-SlackStatusAppTests.debug.xcconfig */;
			buildSettings = {
				ALWAYS_EMBED_SWIFT_STANDARD_LIBRARIES = YES;
				BUNDLE_LOADER = "$(TEST_HOST)";
				CODE_SIGN_STYLE = Automatic;
				DEVELOPMENT_TEAM = DQ6L6A5H88;
				INFOPLIST_FILE = SlackStatusAppTests/Info.plist;
				IPHONEOS_DEPLOYMENT_TARGET = 14.0;
				LD_RUNPATH_SEARCH_PATHS = (
					"$(inherited)",
					"@executable_path/Frameworks",
					"@loader_path/Frameworks",
				);
				PRODUCT_BUNDLE_IDENTIFIER = ChikatoTakenouchi.SlackStatusAppTests;
				PRODUCT_NAME = "$(TARGET_NAME)";
				SWIFT_VERSION = 5.0;
				TARGETED_DEVICE_FAMILY = "1,2";
				TEST_HOST = "$(BUILT_PRODUCTS_DIR)/SlackStatusApp.app/SlackStatusApp";
			};
			name = Debug;
		};
		CF026C7A24C9930E00CC6BF2 /* Release */ = {
			isa = XCBuildConfiguration;
			baseConfigurationReference = 7B140D6B1118600E6C4A8CEB /* Pods-SlackStatusAppTests.release.xcconfig */;
			buildSettings = {
				ALWAYS_EMBED_SWIFT_STANDARD_LIBRARIES = YES;
				BUNDLE_LOADER = "$(TEST_HOST)";
				CODE_SIGN_STYLE = Automatic;
				DEVELOPMENT_TEAM = DQ6L6A5H88;
				INFOPLIST_FILE = SlackStatusAppTests/Info.plist;
				IPHONEOS_DEPLOYMENT_TARGET = 14.0;
				LD_RUNPATH_SEARCH_PATHS = (
					"$(inherited)",
					"@executable_path/Frameworks",
					"@loader_path/Frameworks",
				);
				PRODUCT_BUNDLE_IDENTIFIER = ChikatoTakenouchi.SlackStatusAppTests;
				PRODUCT_NAME = "$(TARGET_NAME)";
				SWIFT_VERSION = 5.0;
				TARGETED_DEVICE_FAMILY = "1,2";
				TEST_HOST = "$(BUILT_PRODUCTS_DIR)/SlackStatusApp.app/SlackStatusApp";
			};
			name = Release;
		};
		CF026C7C24C9930E00CC6BF2 /* Debug */ = {
			isa = XCBuildConfiguration;
			baseConfigurationReference = A9A51421C8F70282FE40C626 /* Pods-SlackStatusApp-SlackStatusAppUITests.debug.xcconfig */;
			buildSettings = {
				ALWAYS_EMBED_SWIFT_STANDARD_LIBRARIES = YES;
				CODE_SIGN_STYLE = Automatic;
				DEVELOPMENT_TEAM = DQ6L6A5H88;
				INFOPLIST_FILE = SlackStatusAppUITests/Info.plist;
				LD_RUNPATH_SEARCH_PATHS = (
					"$(inherited)",
					"@executable_path/Frameworks",
					"@loader_path/Frameworks",
				);
				PRODUCT_BUNDLE_IDENTIFIER = ChikatoTakenouchi.SlackStatusAppUITests;
				PRODUCT_NAME = "$(TARGET_NAME)";
				SWIFT_VERSION = 5.0;
				TARGETED_DEVICE_FAMILY = "1,2";
				TEST_TARGET_NAME = SlackStatusApp;
			};
			name = Debug;
		};
		CF026C7D24C9930E00CC6BF2 /* Release */ = {
			isa = XCBuildConfiguration;
			baseConfigurationReference = 4730BF5066C3BEDE12B1EC66 /* Pods-SlackStatusApp-SlackStatusAppUITests.release.xcconfig */;
			buildSettings = {
				ALWAYS_EMBED_SWIFT_STANDARD_LIBRARIES = YES;
				CODE_SIGN_STYLE = Automatic;
				DEVELOPMENT_TEAM = DQ6L6A5H88;
				INFOPLIST_FILE = SlackStatusAppUITests/Info.plist;
				LD_RUNPATH_SEARCH_PATHS = (
					"$(inherited)",
					"@executable_path/Frameworks",
					"@loader_path/Frameworks",
				);
				PRODUCT_BUNDLE_IDENTIFIER = ChikatoTakenouchi.SlackStatusAppUITests;
				PRODUCT_NAME = "$(TARGET_NAME)";
				SWIFT_VERSION = 5.0;
				TARGETED_DEVICE_FAMILY = "1,2";
				TEST_TARGET_NAME = SlackStatusApp;
			};
			name = Release;
		};
/* End XCBuildConfiguration section */

/* Begin XCConfigurationList section */
		CF026C4B24C9930D00CC6BF2 /* Build configuration list for PBXProject "SlackStatusApp" */ = {
			isa = XCConfigurationList;
			buildConfigurations = (
				CF026C7324C9930E00CC6BF2 /* Debug */,
				CF026C7424C9930E00CC6BF2 /* Release */,
			);
			defaultConfigurationIsVisible = 0;
			defaultConfigurationName = Release;
		};
		CF026C7524C9930E00CC6BF2 /* Build configuration list for PBXNativeTarget "SlackStatusApp" */ = {
			isa = XCConfigurationList;
			buildConfigurations = (
				CF026C7624C9930E00CC6BF2 /* Debug */,
				CF026C7724C9930E00CC6BF2 /* Release */,
			);
			defaultConfigurationIsVisible = 0;
			defaultConfigurationName = Release;
		};
		CF026C7824C9930E00CC6BF2 /* Build configuration list for PBXNativeTarget "SlackStatusAppTests" */ = {
			isa = XCConfigurationList;
			buildConfigurations = (
				CF026C7924C9930E00CC6BF2 /* Debug */,
				CF026C7A24C9930E00CC6BF2 /* Release */,
			);
			defaultConfigurationIsVisible = 0;
			defaultConfigurationName = Release;
		};
		CF026C7B24C9930E00CC6BF2 /* Build configuration list for PBXNativeTarget "SlackStatusAppUITests" */ = {
			isa = XCConfigurationList;
			buildConfigurations = (
				CF026C7C24C9930E00CC6BF2 /* Debug */,
				CF026C7D24C9930E00CC6BF2 /* Release */,
			);
			defaultConfigurationIsVisible = 0;
			defaultConfigurationName = Release;
		};
/* End XCConfigurationList section */
	};
	rootObject = CF026C4824C9930D00CC6BF2 /* Project object */;
}
